// !$*UTF8*$!
{
	archiveVersion = 1;
	classes = {
	};
	objectVersion = 46;
	objects = {

/* Begin PBXBuildFile section */
		5568ABE716B52D4300FB8F76 /* FBLoginViewController.m in Sources */ = {isa = PBXBuildFile; fileRef = 5568ABE616B52D4300FB8F76 /* FBLoginViewController.m */; };
		5568ABE816B52D4300FB8F76 /* FBLoginViewController.m in Sources */ = {isa = PBXBuildFile; fileRef = 5568ABE616B52D4300FB8F76 /* FBLoginViewController.m */; };
		5568ABEA16B52FF800FB8F76 /* FacebookSDK.framework in Frameworks */ = {isa = PBXBuildFile; fileRef = 5568ABE916B52FF800FB8F76 /* FacebookSDK.framework */; };
		5568ABEB16B52FF800FB8F76 /* FacebookSDK.framework in Frameworks */ = {isa = PBXBuildFile; fileRef = 5568ABE916B52FF800FB8F76 /* FacebookSDK.framework */; };
		5568ABF016B534DA00FB8F76 /* gruntloadscreen640x960.png in Resources */ = {isa = PBXBuildFile; fileRef = 5568ABEF16B534DA00FB8F76 /* gruntloadscreen640x960.png */; };
		5568ABF116B534DA00FB8F76 /* gruntloadscreen640x960.png in Resources */ = {isa = PBXBuildFile; fileRef = 5568ABEF16B534DA00FB8F76 /* gruntloadscreen640x960.png */; };
		5568ABF316B5364000FB8F76 /* f_logo.png in Resources */ = {isa = PBXBuildFile; fileRef = 5568ABF216B5364000FB8F76 /* f_logo.png */; };
		5568ABF416B5364000FB8F76 /* f_logo.png in Resources */ = {isa = PBXBuildFile; fileRef = 5568ABF216B5364000FB8F76 /* f_logo.png */; };
		5568ABF616B5367200FB8F76 /* CoreLocation.framework in Frameworks */ = {isa = PBXBuildFile; fileRef = 5568ABF516B5367200FB8F76 /* CoreLocation.framework */; };
		5568ABF816B53E2500FB8F76 /* login-button-small.png in Resources */ = {isa = PBXBuildFile; fileRef = 5568ABF716B53E2500FB8F76 /* login-button-small.png */; };
		5568ABF916B53E2500FB8F76 /* login-button-small.png in Resources */ = {isa = PBXBuildFile; fileRef = 5568ABF716B53E2500FB8F76 /* login-button-small.png */; };
		5568ABFB16B53ED800FB8F76 /* login-button-small-pressed.png in Resources */ = {isa = PBXBuildFile; fileRef = 5568ABFA16B53ED800FB8F76 /* login-button-small-pressed.png */; };
		5568ABFC16B53ED800FB8F76 /* login-button-small-pressed.png in Resources */ = {isa = PBXBuildFile; fileRef = 5568ABFA16B53ED800FB8F76 /* login-button-small-pressed.png */; };
		5568AC0716B5417A00FB8F76 /* YTDetailViewController.m in Sources */ = {isa = PBXBuildFile; fileRef = 5568AC0516B5417A00FB8F76 /* YTDetailViewController.m */; };
		5568AC0816B5417A00FB8F76 /* YTDetailViewController.m in Sources */ = {isa = PBXBuildFile; fileRef = 5568AC0516B5417A00FB8F76 /* YTDetailViewController.m */; };
		5568AC0916B5417A00FB8F76 /* YTDetailViewController.xib in Resources */ = {isa = PBXBuildFile; fileRef = 5568AC0616B5417A00FB8F76 /* YTDetailViewController.xib */; };
		5568AC0A16B5417A00FB8F76 /* YTDetailViewController.xib in Resources */ = {isa = PBXBuildFile; fileRef = 5568AC0616B5417A00FB8F76 /* YTDetailViewController.xib */; };
		5568AC5A16B5B0B700FB8F76 /* gruntloadscreen2320x480.png in Resources */ = {isa = PBXBuildFile; fileRef = 5568AC5916B5B0B700FB8F76 /* gruntloadscreen2320x480.png */; };
		5568AC5B16B5B0B700FB8F76 /* gruntloadscreen2320x480.png in Resources */ = {isa = PBXBuildFile; fileRef = 5568AC5916B5B0B700FB8F76 /* gruntloadscreen2320x480.png */; };
		5568AC5D16B5B2E100FB8F76 /* launch320x480.png in Resources */ = {isa = PBXBuildFile; fileRef = 5568AC5C16B5B2E100FB8F76 /* launch320x480.png */; };
		5568AC5E16B5B2E100FB8F76 /* launch320x480.png in Resources */ = {isa = PBXBuildFile; fileRef = 5568AC5C16B5B2E100FB8F76 /* launch320x480.png */; };
		5568AC6016B5B35200FB8F76 /* launch320x4802.png in Resources */ = {isa = PBXBuildFile; fileRef = 5568AC5F16B5B35200FB8F76 /* launch320x4802.png */; };
		5568AC6116B5B35200FB8F76 /* launch320x4802.png in Resources */ = {isa = PBXBuildFile; fileRef = 5568AC5F16B5B35200FB8F76 /* launch320x4802.png */; };
		5568ACC516B6595F00FB8F76 /* YTCommentsRSSParser.m in Sources */ = {isa = PBXBuildFile; fileRef = 5568ACC216B6595F00FB8F76 /* YTCommentsRSSParser.m */; };
		5568ACC616B6595F00FB8F76 /* YTCommentsRSSParser.m in Sources */ = {isa = PBXBuildFile; fileRef = 5568ACC216B6595F00FB8F76 /* YTCommentsRSSParser.m */; };
		5568ACC716B6595F00FB8F76 /* CommentsXMLParser.m in Sources */ = {isa = PBXBuildFile; fileRef = 5568ACC416B6595F00FB8F76 /* CommentsXMLParser.m */; };
		5568ACC816B6595F00FB8F76 /* CommentsXMLParser.m in Sources */ = {isa = PBXBuildFile; fileRef = 5568ACC416B6595F00FB8F76 /* CommentsXMLParser.m */; };
		5568ACDC16B65D1000FB8F76 /* Comments.m in Sources */ = {isa = PBXBuildFile; fileRef = 5568ACDB16B65D1000FB8F76 /* Comments.m */; };
		5568ACDD16B65D1000FB8F76 /* Comments.m in Sources */ = {isa = PBXBuildFile; fileRef = 5568ACDB16B65D1000FB8F76 /* Comments.m */; };
		5568ACE716B6814800FB8F76 /* Bugslist in Resources */ = {isa = PBXBuildFile; fileRef = 5568ACE616B6814700FB8F76 /* Bugslist */; };
		5568ACE816B6814800FB8F76 /* Bugslist in Resources */ = {isa = PBXBuildFile; fileRef = 5568ACE616B6814700FB8F76 /* Bugslist */; };
		5568ACEC16B6854300FB8F76 /* ComposeViewController.m in Sources */ = {isa = PBXBuildFile; fileRef = 5568ACEA16B6854200FB8F76 /* ComposeViewController.m */; };
		5568ACED16B6854300FB8F76 /* ComposeViewController.m in Sources */ = {isa = PBXBuildFile; fileRef = 5568ACEA16B6854200FB8F76 /* ComposeViewController.m */; };
		5568ACEE16B6854300FB8F76 /* ComposeViewController.xib in Resources */ = {isa = PBXBuildFile; fileRef = 5568ACEB16B6854200FB8F76 /* ComposeViewController.xib */; };
		5568ACEF16B6854300FB8F76 /* ComposeViewController.xib in Resources */ = {isa = PBXBuildFile; fileRef = 5568ACEB16B6854200FB8F76 /* ComposeViewController.xib */; };
		558375D216B4CF9500F9C76A /* gruntsoftwarelogo.png in Resources */ = {isa = PBXBuildFile; fileRef = 558375D116B4CF9500F9C76A /* gruntsoftwarelogo.png */; };
		558375D316B4CF9500F9C76A /* gruntsoftwarelogo.png in Resources */ = {isa = PBXBuildFile; fileRef = 558375D116B4CF9500F9C76A /* gruntsoftwarelogo.png */; };
		558375D616B4D8FC00F9C76A /* grunt_G.png in Resources */ = {isa = PBXBuildFile; fileRef = 558375D516B4D8FC00F9C76A /* grunt_G.png */; };
		558375D716B4D8FC00F9C76A /* grunt_G.png in Resources */ = {isa = PBXBuildFile; fileRef = 558375D516B4D8FC00F9C76A /* grunt_G.png */; };
		558375EA16B5257B00F9C76A /* FacebookSDKResources.bundle in Resources */ = {isa = PBXBuildFile; fileRef = 558375E816B5257B00F9C76A /* FacebookSDKResources.bundle */; };
		558375EB16B5257B00F9C76A /* FacebookSDKResources.bundle in Resources */ = {isa = PBXBuildFile; fileRef = 558375E816B5257B00F9C76A /* FacebookSDKResources.bundle */; };
		558375EC16B5257B00F9C76A /* FBUserSettingsViewResources.bundle in Resources */ = {isa = PBXBuildFile; fileRef = 558375E916B5257B00F9C76A /* FBUserSettingsViewResources.bundle */; };
		558375ED16B5257B00F9C76A /* FBUserSettingsViewResources.bundle in Resources */ = {isa = PBXBuildFile; fileRef = 558375E916B5257B00F9C76A /* FBUserSettingsViewResources.bundle */; };
		558375EF16B525EB00F9C76A /* AdSupport.framework in Frameworks */ = {isa = PBXBuildFile; fileRef = 558375EE16B525EB00F9C76A /* AdSupport.framework */; settings = {ATTRIBUTES = (Weak, ); }; };
		558375F116B525FC00F9C76A /* Social.framework in Frameworks */ = {isa = PBXBuildFile; fileRef = 558375F016B525FB00F9C76A /* Social.framework */; settings = {ATTRIBUTES = (Weak, ); }; };
		558375F316B5260A00F9C76A /* Accounts.framework in Frameworks */ = {isa = PBXBuildFile; fileRef = 558375F216B5260A00F9C76A /* Accounts.framework */; settings = {ATTRIBUTES = (Weak, ); }; };
		558FAA8A16B7AA3D00553A96 /* notesbackground280x130.png in Resources */ = {isa = PBXBuildFile; fileRef = 558FAA8916B7AA3D00553A96 /* notesbackground280x130.png */; };
		559A95E416B3BBD80077150C /* YTProcessing.m in Sources */ = {isa = PBXBuildFile; fileRef = 559A95E316B3BBD80077150C /* YTProcessing.m */; };
		559A95EB16B43E860077150C /* YTVideo.m in Sources */ = {isa = PBXBuildFile; fileRef = 559A95EA16B43E860077150C /* YTVideo.m */; };
		559A95F616B48E5A0077150C /* FTWCache.m in Sources */ = {isa = PBXBuildFile; fileRef = 559A95F516B48E5A0077150C /* FTWCache.m */; };
		559A95F716B48E5A0077150C /* FTWCache.m in Sources */ = {isa = PBXBuildFile; fileRef = 559A95F516B48E5A0077150C /* FTWCache.m */; };
		559A95FE16B48F800077150C /* NSString+MD5.m in Sources */ = {isa = PBXBuildFile; fileRef = 559A95FD16B48F800077150C /* NSString+MD5.m */; };
		559A95FF16B48F800077150C /* NSString+MD5.m in Sources */ = {isa = PBXBuildFile; fileRef = 559A95FD16B48F800077150C /* NSString+MD5.m */; };
		559A961716B4C1B80077150C /* HandOfSean.pfb in Resources */ = {isa = PBXBuildFile; fileRef = 559A961616B4C1B80077150C /* HandOfSean.pfb */; };
		559A961816B4C1B80077150C /* HandOfSean.pfb in Resources */ = {isa = PBXBuildFile; fileRef = 559A961616B4C1B80077150C /* HandOfSean.pfb */; };
		559CA16216B349810008E7F3 /* UIKit.framework in Frameworks */ = {isa = PBXBuildFile; fileRef = 559CA16116B349810008E7F3 /* UIKit.framework */; };
		559CA16416B349810008E7F3 /* Foundation.framework in Frameworks */ = {isa = PBXBuildFile; fileRef = 559CA16316B349810008E7F3 /* Foundation.framework */; };
		559CA16616B349810008E7F3 /* CoreGraphics.framework in Frameworks */ = {isa = PBXBuildFile; fileRef = 559CA16516B349810008E7F3 /* CoreGraphics.framework */; };
		559CA16C16B349810008E7F3 /* InfoPlist.strings in Resources */ = {isa = PBXBuildFile; fileRef = 559CA16A16B349810008E7F3 /* InfoPlist.strings */; };
		559CA16E16B349810008E7F3 /* main.m in Sources */ = {isa = PBXBuildFile; fileRef = 559CA16D16B349810008E7F3 /* main.m */; };
		559CA17216B349810008E7F3 /* AppDelegate.m in Sources */ = {isa = PBXBuildFile; fileRef = 559CA17116B349810008E7F3 /* AppDelegate.m */; };
		559CA17416B349810008E7F3 /* Default.png in Resources */ = {isa = PBXBuildFile; fileRef = 559CA17316B349810008E7F3 /* Default.png */; };
		559CA17616B349810008E7F3 /* Default@2x.png in Resources */ = {isa = PBXBuildFile; fileRef = 559CA17516B349810008E7F3 /* Default@2x.png */; };
		559CA17816B349810008E7F3 /* Default-568h@2x.png in Resources */ = {isa = PBXBuildFile; fileRef = 559CA17716B349810008E7F3 /* Default-568h@2x.png */; };
		559CA17B16B349810008E7F3 /* MainViewController.m in Sources */ = {isa = PBXBuildFile; fileRef = 559CA17A16B349810008E7F3 /* MainViewController.m */; };
		559CA17E16B349810008E7F3 /* FlipsideViewController.m in Sources */ = {isa = PBXBuildFile; fileRef = 559CA17D16B349810008E7F3 /* FlipsideViewController.m */; };
		559CA18116B349810008E7F3 /* MainViewController.xib in Resources */ = {isa = PBXBuildFile; fileRef = 559CA17F16B349810008E7F3 /* MainViewController.xib */; };
		559CA18416B349820008E7F3 /* FlipsideViewController.xib in Resources */ = {isa = PBXBuildFile; fileRef = 559CA18216B349820008E7F3 /* FlipsideViewController.xib */; };
		559CA18C16B349820008E7F3 /* SenTestingKit.framework in Frameworks */ = {isa = PBXBuildFile; fileRef = 559CA18B16B349820008E7F3 /* SenTestingKit.framework */; };
		559CA18D16B349820008E7F3 /* UIKit.framework in Frameworks */ = {isa = PBXBuildFile; fileRef = 559CA16116B349810008E7F3 /* UIKit.framework */; };
		559CA18E16B349820008E7F3 /* Foundation.framework in Frameworks */ = {isa = PBXBuildFile; fileRef = 559CA16316B349810008E7F3 /* Foundation.framework */; };
		559CA19616B349820008E7F3 /* InfoPlist.strings in Resources */ = {isa = PBXBuildFile; fileRef = 559CA19416B349820008E7F3 /* InfoPlist.strings */; };
		559CA19916B349820008E7F3 /* The_Search_for_BEERTests.m in Sources */ = {isa = PBXBuildFile; fileRef = 559CA19816B349820008E7F3 /* The_Search_for_BEERTests.m */; };
/* End PBXBuildFile section */

/* Begin PBXContainerItemProxy section */
		559CA18F16B349820008E7F3 /* PBXContainerItemProxy */ = {
			isa = PBXContainerItemProxy;
			containerPortal = 559CA15416B349810008E7F3 /* Project object */;
			proxyType = 1;
			remoteGlobalIDString = 559CA15C16B349810008E7F3;
			remoteInfo = "The Search for BEER";
		};
/* End PBXContainerItemProxy section */

/* Begin PBXFileReference section */
		5568ABE516B52D4300FB8F76 /* FBLoginViewController.h */ = {isa = PBXFileReference; fileEncoding = 4; lastKnownFileType = sourcecode.c.h; path = FBLoginViewController.h; sourceTree = "<group>"; };
		5568ABE616B52D4300FB8F76 /* FBLoginViewController.m */ = {isa = PBXFileReference; fileEncoding = 4; lastKnownFileType = sourcecode.c.objc; path = FBLoginViewController.m; sourceTree = "<group>"; };
		5568ABE916B52FF800FB8F76 /* FacebookSDK.framework */ = {isa = PBXFileReference; lastKnownFileType = wrapper.framework; name = FacebookSDK.framework; path = FacebookSDK/FacebookSDK.framework; sourceTree = "<group>"; };
		5568ABEF16B534DA00FB8F76 /* gruntloadscreen640x960.png */ = {isa = PBXFileReference; lastKnownFileType = image.png; name = gruntloadscreen640x960.png; path = "../../../Grunt Software Files/gruntloadscreen640x960.png"; sourceTree = "<group>"; };
		5568ABF216B5364000FB8F76 /* f_logo.png */ = {isa = PBXFileReference; lastKnownFileType = image.png; name = f_logo.png; path = ../../../../Downloads/f_logo.png; sourceTree = "<group>"; };
		5568ABF516B5367200FB8F76 /* CoreLocation.framework */ = {isa = PBXFileReference; lastKnownFileType = wrapper.framework; name = CoreLocation.framework; path = System/Library/Frameworks/CoreLocation.framework; sourceTree = SDKROOT; };
		5568ABF716B53E2500FB8F76 /* login-button-small.png */ = {isa = PBXFileReference; lastKnownFileType = image.png; name = "login-button-small.png"; path = "../FacebookSDKResources.bundle/FBLoginView/images/login-button-small.png"; sourceTree = "<group>"; };
		5568ABFA16B53ED800FB8F76 /* login-button-small-pressed.png */ = {isa = PBXFileReference; lastKnownFileType = image.png; name = "login-button-small-pressed.png"; path = "../FacebookSDKResources.bundle/FBLoginView/images/login-button-small-pressed.png"; sourceTree = "<group>"; };
		5568AC0416B5417A00FB8F76 /* YTDetailViewController.h */ = {isa = PBXFileReference; fileEncoding = 4; lastKnownFileType = sourcecode.c.h; name = YTDetailViewController.h; path = ../YTDetailViewController.h; sourceTree = "<group>"; };
		5568AC0516B5417A00FB8F76 /* YTDetailViewController.m */ = {isa = PBXFileReference; fileEncoding = 4; lastKnownFileType = sourcecode.c.objc; name = YTDetailViewController.m; path = ../YTDetailViewController.m; sourceTree = "<group>"; };
		5568AC0616B5417A00FB8F76 /* YTDetailViewController.xib */ = {isa = PBXFileReference; fileEncoding = 4; lastKnownFileType = file.xib; name = YTDetailViewController.xib; path = ../YTDetailViewController.xib; sourceTree = "<group>"; };
		5568AC5916B5B0B700FB8F76 /* gruntloadscreen2320x480.png */ = {isa = PBXFileReference; lastKnownFileType = image.png; name = gruntloadscreen2320x480.png; path = "../../../Grunt Software Files/gruntloadscreen2320x480.png"; sourceTree = "<group>"; };
		5568AC5C16B5B2E100FB8F76 /* launch320x480.png */ = {isa = PBXFileReference; lastKnownFileType = image.png; name = launch320x480.png; path = ../../launch320x480.png; sourceTree = "<group>"; };
		5568AC5F16B5B35200FB8F76 /* launch320x4802.png */ = {isa = PBXFileReference; lastKnownFileType = image.png; name = launch320x4802.png; path = ../../launch320x4802.png; sourceTree = "<group>"; };
		5568ACC116B6595F00FB8F76 /* YTCommentsRSSParser.h */ = {isa = PBXFileReference; fileEncoding = 4; lastKnownFileType = sourcecode.c.h; path = YTCommentsRSSParser.h; sourceTree = "<group>"; };
		5568ACC216B6595F00FB8F76 /* YTCommentsRSSParser.m */ = {isa = PBXFileReference; fileEncoding = 4; lastKnownFileType = sourcecode.c.objc; path = YTCommentsRSSParser.m; sourceTree = "<group>"; };
		5568ACC316B6595F00FB8F76 /* CommentsXMLParser.h */ = {isa = PBXFileReference; fileEncoding = 4; lastKnownFileType = sourcecode.c.h; path = CommentsXMLParser.h; sourceTree = "<group>"; };
		5568ACC416B6595F00FB8F76 /* CommentsXMLParser.m */ = {isa = PBXFileReference; fileEncoding = 4; lastKnownFileType = sourcecode.c.objc; path = CommentsXMLParser.m; sourceTree = "<group>"; };
		5568ACDA16B65D1000FB8F76 /* Comments.h */ = {isa = PBXFileReference; fileEncoding = 4; lastKnownFileType = sourcecode.c.h; path = Comments.h; sourceTree = "<group>"; };
		5568ACDB16B65D1000FB8F76 /* Comments.m */ = {isa = PBXFileReference; fileEncoding = 4; lastKnownFileType = sourcecode.c.objc; path = Comments.m; sourceTree = "<group>"; };
		5568ACE616B6814700FB8F76 /* Bugslist */ = {isa = PBXFileReference; fileEncoding = 4; lastKnownFileType = text; path = Bugslist; sourceTree = "<group>"; };
		5568ACE916B6854100FB8F76 /* ComposeViewController.h */ = {isa = PBXFileReference; fileEncoding = 4; lastKnownFileType = sourcecode.c.h; path = ComposeViewController.h; sourceTree = "<group>"; };
		5568ACEA16B6854200FB8F76 /* ComposeViewController.m */ = {isa = PBXFileReference; fileEncoding = 4; lastKnownFileType = sourcecode.c.objc; path = ComposeViewController.m; sourceTree = "<group>"; };
		5568ACEB16B6854200FB8F76 /* ComposeViewController.xib */ = {isa = PBXFileReference; fileEncoding = 4; lastKnownFileType = file.xib; path = ComposeViewController.xib; sourceTree = "<group>"; };
		558375D116B4CF9500F9C76A /* gruntsoftwarelogo.png */ = {isa = PBXFileReference; lastKnownFileType = image.png; path = gruntsoftwarelogo.png; sourceTree = "<group>"; };
		558375D516B4D8FC00F9C76A /* grunt_G.png */ = {isa = PBXFileReference; lastKnownFileType = image.png; path = grunt_G.png; sourceTree = "<group>"; };
		558375E816B5257B00F9C76A /* FacebookSDKResources.bundle */ = {isa = PBXFileReference; lastKnownFileType = "wrapper.plug-in"; path = FacebookSDKResources.bundle; sourceTree = "<group>"; };
		558375E916B5257B00F9C76A /* FBUserSettingsViewResources.bundle */ = {isa = PBXFileReference; lastKnownFileType = "wrapper.plug-in"; path = FBUserSettingsViewResources.bundle; sourceTree = "<group>"; };
		558375EE16B525EB00F9C76A /* AdSupport.framework */ = {isa = PBXFileReference; lastKnownFileType = wrapper.framework; name = AdSupport.framework; path = System/Library/Frameworks/AdSupport.framework; sourceTree = SDKROOT; };
		558375F016B525FB00F9C76A /* Social.framework */ = {isa = PBXFileReference; lastKnownFileType = wrapper.framework; name = Social.framework; path = System/Library/Frameworks/Social.framework; sourceTree = SDKROOT; };
		558375F216B5260A00F9C76A /* Accounts.framework */ = {isa = PBXFileReference; lastKnownFileType = wrapper.framework; name = Accounts.framework; path = System/Library/Frameworks/Accounts.framework; sourceTree = SDKROOT; };
		558FAA8916B7AA3D00553A96 /* notesbackground280x130.png */ = {isa = PBXFileReference; lastKnownFileType = image.png; path = notesbackground280x130.png; sourceTree = "<group>"; };
		559A95E216B3BBD80077150C /* YTProcessing.h */ = {isa = PBXFileReference; fileEncoding = 4; lastKnownFileType = sourcecode.c.h; path = YTProcessing.h; sourceTree = "<group>"; };
		559A95E316B3BBD80077150C /* YTProcessing.m */ = {isa = PBXFileReference; fileEncoding = 4; lastKnownFileType = sourcecode.c.objc; path = YTProcessing.m; sourceTree = "<group>"; };
		559A95E916B43E860077150C /* YTVideo.h */ = {isa = PBXFileReference; fileEncoding = 4; lastKnownFileType = sourcecode.c.h; path = YTVideo.h; sourceTree = "<group>"; };
		559A95EA16B43E860077150C /* YTVideo.m */ = {isa = PBXFileReference; fileEncoding = 4; lastKnownFileType = sourcecode.c.objc; path = YTVideo.m; sourceTree = "<group>"; };
		559A95F416B48E5A0077150C /* FTWCache.h */ = {isa = PBXFileReference; fileEncoding = 4; lastKnownFileType = sourcecode.c.h; path = FTWCache.h; sourceTree = "<group>"; };
		559A95F516B48E5A0077150C /* FTWCache.m */ = {isa = PBXFileReference; fileEncoding = 4; lastKnownFileType = sourcecode.c.objc; path = FTWCache.m; sourceTree = "<group>"; };
		559A95FC16B48F800077150C /* NSString+MD5.h */ = {isa = PBXFileReference; fileEncoding = 4; lastKnownFileType = sourcecode.c.h; path = "NSString+MD5.h"; sourceTree = "<group>"; };
		559A95FD16B48F800077150C /* NSString+MD5.m */ = {isa = PBXFileReference; fileEncoding = 4; lastKnownFileType = sourcecode.c.objc; path = "NSString+MD5.m"; sourceTree = "<group>"; };
		559A961616B4C1B80077150C /* HandOfSean.pfb */ = {isa = PBXFileReference; lastKnownFileType = file; path = HandOfSean.pfb; sourceTree = "<group>"; };
		559CA15D16B349810008E7F3 /* The Search for BEER.app */ = {isa = PBXFileReference; explicitFileType = wrapper.application; includeInIndex = 0; path = "The Search for BEER.app"; sourceTree = BUILT_PRODUCTS_DIR; };
		559CA16116B349810008E7F3 /* UIKit.framework */ = {isa = PBXFileReference; lastKnownFileType = wrapper.framework; name = UIKit.framework; path = System/Library/Frameworks/UIKit.framework; sourceTree = SDKROOT; };
		559CA16316B349810008E7F3 /* Foundation.framework */ = {isa = PBXFileReference; lastKnownFileType = wrapper.framework; name = Foundation.framework; path = System/Library/Frameworks/Foundation.framework; sourceTree = SDKROOT; };
		559CA16516B349810008E7F3 /* CoreGraphics.framework */ = {isa = PBXFileReference; lastKnownFileType = wrapper.framework; name = CoreGraphics.framework; path = System/Library/Frameworks/CoreGraphics.framework; sourceTree = SDKROOT; };
		559CA16916B349810008E7F3 /* The Search for BEER-Info.plist */ = {isa = PBXFileReference; lastKnownFileType = text.plist.xml; path = "The Search for BEER-Info.plist"; sourceTree = "<group>"; };
		559CA16B16B349810008E7F3 /* en */ = {isa = PBXFileReference; lastKnownFileType = text.plist.strings; name = en; path = en.lproj/InfoPlist.strings; sourceTree = "<group>"; };
		559CA16D16B349810008E7F3 /* main.m */ = {isa = PBXFileReference; lastKnownFileType = sourcecode.c.objc; path = main.m; sourceTree = "<group>"; };
		559CA16F16B349810008E7F3 /* The Search for BEER-Prefix.pch */ = {isa = PBXFileReference; lastKnownFileType = sourcecode.c.h; path = "The Search for BEER-Prefix.pch"; sourceTree = "<group>"; };
		559CA17016B349810008E7F3 /* AppDelegate.h */ = {isa = PBXFileReference; lastKnownFileType = sourcecode.c.h; path = AppDelegate.h; sourceTree = "<group>"; };
		559CA17116B349810008E7F3 /* AppDelegate.m */ = {isa = PBXFileReference; lastKnownFileType = sourcecode.c.objc; path = AppDelegate.m; sourceTree = "<group>"; };
		559CA17316B349810008E7F3 /* Default.png */ = {isa = PBXFileReference; lastKnownFileType = image.png; path = Default.png; sourceTree = "<group>"; };
		559CA17516B349810008E7F3 /* Default@2x.png */ = {isa = PBXFileReference; lastKnownFileType = image.png; path = "Default@2x.png"; sourceTree = "<group>"; };
		559CA17716B349810008E7F3 /* Default-568h@2x.png */ = {isa = PBXFileReference; lastKnownFileType = image.png; path = "Default-568h@2x.png"; sourceTree = "<group>"; };
		559CA17916B349810008E7F3 /* MainViewController.h */ = {isa = PBXFileReference; lastKnownFileType = sourcecode.c.h; path = MainViewController.h; sourceTree = "<group>"; };
		559CA17A16B349810008E7F3 /* MainViewController.m */ = {isa = PBXFileReference; lastKnownFileType = sourcecode.c.objc; path = MainViewController.m; sourceTree = "<group>"; };
		559CA17C16B349810008E7F3 /* FlipsideViewController.h */ = {isa = PBXFileReference; lastKnownFileType = sourcecode.c.h; path = FlipsideViewController.h; sourceTree = "<group>"; };
		559CA17D16B349810008E7F3 /* FlipsideViewController.m */ = {isa = PBXFileReference; lastKnownFileType = sourcecode.c.objc; path = FlipsideViewController.m; sourceTree = "<group>"; };
		559CA18016B349810008E7F3 /* en */ = {isa = PBXFileReference; lastKnownFileType = file.xib; name = en; path = en.lproj/MainViewController.xib; sourceTree = "<group>"; };
		559CA18316B349820008E7F3 /* en */ = {isa = PBXFileReference; lastKnownFileType = file.xib; name = en; path = en.lproj/FlipsideViewController.xib; sourceTree = "<group>"; };
		559CA18A16B349820008E7F3 /* The Search for BEERTests.octest */ = {isa = PBXFileReference; explicitFileType = wrapper.cfbundle; includeInIndex = 0; path = "The Search for BEERTests.octest"; sourceTree = BUILT_PRODUCTS_DIR; };
		559CA18B16B349820008E7F3 /* SenTestingKit.framework */ = {isa = PBXFileReference; lastKnownFileType = wrapper.framework; name = SenTestingKit.framework; path = Library/Frameworks/SenTestingKit.framework; sourceTree = DEVELOPER_DIR; };
		559CA19316B349820008E7F3 /* The Search for BEERTests-Info.plist */ = {isa = PBXFileReference; lastKnownFileType = text.plist.xml; path = "The Search for BEERTests-Info.plist"; sourceTree = "<group>"; };
		559CA19516B349820008E7F3 /* en */ = {isa = PBXFileReference; lastKnownFileType = text.plist.strings; name = en; path = en.lproj/InfoPlist.strings; sourceTree = "<group>"; };
		559CA19716B349820008E7F3 /* The_Search_for_BEERTests.h */ = {isa = PBXFileReference; lastKnownFileType = sourcecode.c.h; path = The_Search_for_BEERTests.h; sourceTree = "<group>"; };
		559CA19816B349820008E7F3 /* The_Search_for_BEERTests.m */ = {isa = PBXFileReference; lastKnownFileType = sourcecode.c.objc; path = The_Search_for_BEERTests.m; sourceTree = "<group>"; };
/* End PBXFileReference section */

/* Begin PBXFrameworksBuildPhase section */
		559CA15A16B349810008E7F3 /* Frameworks */ = {
			isa = PBXFrameworksBuildPhase;
			buildActionMask = 2147483647;
			files = (
				5568ABF616B5367200FB8F76 /* CoreLocation.framework in Frameworks */,
				558375F316B5260A00F9C76A /* Accounts.framework in Frameworks */,
				558375F116B525FC00F9C76A /* Social.framework in Frameworks */,
				558375EF16B525EB00F9C76A /* AdSupport.framework in Frameworks */,
				559CA16216B349810008E7F3 /* UIKit.framework in Frameworks */,
				559CA16416B349810008E7F3 /* Foundation.framework in Frameworks */,
				559CA16616B349810008E7F3 /* CoreGraphics.framework in Frameworks */,
				5568ABEA16B52FF800FB8F76 /* FacebookSDK.framework in Frameworks */,
			);
			runOnlyForDeploymentPostprocessing = 0;
		};
		559CA18616B349820008E7F3 /* Frameworks */ = {
			isa = PBXFrameworksBuildPhase;
			buildActionMask = 2147483647;
			files = (
				559CA18C16B349820008E7F3 /* SenTestingKit.framework in Frameworks */,
				559CA18D16B349820008E7F3 /* UIKit.framework in Frameworks */,
				559CA18E16B349820008E7F3 /* Foundation.framework in Frameworks */,
				5568ABEB16B52FF800FB8F76 /* FacebookSDK.framework in Frameworks */,
			);
			runOnlyForDeploymentPostprocessing = 0;
		};
/* End PBXFrameworksBuildPhase section */

/* Begin PBXGroup section */
		5568AC7D16B656FD00FB8F76 /* Parsing */ = {
			isa = PBXGroup;
			children = (
				5568ACC116B6595F00FB8F76 /* YTCommentsRSSParser.h */,
				5568ACC216B6595F00FB8F76 /* YTCommentsRSSParser.m */,
				5568ACC316B6595F00FB8F76 /* CommentsXMLParser.h */,
				5568ACC416B6595F00FB8F76 /* CommentsXMLParser.m */,
			);
			name = Parsing;
			sourceTree = "<group>";
		};
		559A95E016B3BBAD0077150C /* Models */ = {
			isa = PBXGroup;
			children = (
				559A960016B48F840077150C /* FTWCache */,
				559A95E216B3BBD80077150C /* YTProcessing.h */,
				559A95E316B3BBD80077150C /* YTProcessing.m */,
				559A95E916B43E860077150C /* YTVideo.h */,
				559A95EA16B43E860077150C /* YTVideo.m */,
				5568ACDA16B65D1000FB8F76 /* Comments.h */,
				5568ACDB16B65D1000FB8F76 /* Comments.m */,
			);
			name = Models;
			sourceTree = "<group>";
		};
		559A960016B48F840077150C /* FTWCache */ = {
			isa = PBXGroup;
			children = (
				559A95F416B48E5A0077150C /* FTWCache.h */,
				559A95F516B48E5A0077150C /* FTWCache.m */,
				559A95FC16B48F800077150C /* NSString+MD5.h */,
				559A95FD16B48F800077150C /* NSString+MD5.m */,
			);
			name = FTWCache;
			sourceTree = "<group>";
		};
		559A961416B4C1870077150C /* images */ = {
			isa = PBXGroup;
			children = (
				5568ABF716B53E2500FB8F76 /* login-button-small.png */,
				5568ABF216B5364000FB8F76 /* f_logo.png */,
				5568AC5916B5B0B700FB8F76 /* gruntloadscreen2320x480.png */,
				558FAA8916B7AA3D00553A96 /* notesbackground280x130.png */,
				5568AC5F16B5B35200FB8F76 /* launch320x4802.png */,
				5568AC5C16B5B2E100FB8F76 /* launch320x480.png */,
				5568ABEF16B534DA00FB8F76 /* gruntloadscreen640x960.png */,
				558375D516B4D8FC00F9C76A /* grunt_G.png */,
				5568ABFA16B53ED800FB8F76 /* login-button-small-pressed.png */,
				558375D116B4CF9500F9C76A /* gruntsoftwarelogo.png */,
			);
			name = images;
			sourceTree = "<group>";
		};
		559A961516B4C1970077150C /* fonts */ = {
			isa = PBXGroup;
			children = (
				559A961616B4C1B80077150C /* HandOfSean.pfb */,
			);
			name = fonts;
			sourceTree = "<group>";
		};
		559CA15216B349810008E7F3 = {
			isa = PBXGroup;
			children = (
				5568ACE616B6814700FB8F76 /* Bugslist */,
				5568ABF516B5367200FB8F76 /* CoreLocation.framework */,
				559CA16716B349810008E7F3 /* The Search for BEER */,
				559CA19116B349820008E7F3 /* The Search for BEERTests */,
				559CA16016B349810008E7F3 /* Frameworks */,
				559CA15E16B349810008E7F3 /* Products */,
			);
			sourceTree = "<group>";
		};
		559CA15E16B349810008E7F3 /* Products */ = {
			isa = PBXGroup;
			children = (
				559CA15D16B349810008E7F3 /* The Search for BEER.app */,
				559CA18A16B349820008E7F3 /* The Search for BEERTests.octest */,
			);
			name = Products;
			sourceTree = "<group>";
		};
		559CA16016B349810008E7F3 /* Frameworks */ = {
			isa = PBXGroup;
			children = (
				5568ABE916B52FF800FB8F76 /* FacebookSDK.framework */,
				558375F216B5260A00F9C76A /* Accounts.framework */,
				558375F016B525FB00F9C76A /* Social.framework */,
				558375EE16B525EB00F9C76A /* AdSupport.framework */,
				558375E816B5257B00F9C76A /* FacebookSDKResources.bundle */,
				558375E916B5257B00F9C76A /* FBUserSettingsViewResources.bundle */,
				559CA16116B349810008E7F3 /* UIKit.framework */,
				559CA16316B349810008E7F3 /* Foundation.framework */,
				559CA16516B349810008E7F3 /* CoreGraphics.framework */,
				559CA18B16B349820008E7F3 /* SenTestingKit.framework */,
			);
			name = Frameworks;
			sourceTree = "<group>";
		};
		559CA16716B349810008E7F3 /* The Search for BEER */ = {
			isa = PBXGroup;
			children = (
				5568AC7D16B656FD00FB8F76 /* Parsing */,
				559A95E016B3BBAD0077150C /* Models */,
				559CA17016B349810008E7F3 /* AppDelegate.h */,
				559CA17116B349810008E7F3 /* AppDelegate.m */,
				5568ABE516B52D4300FB8F76 /* FBLoginViewController.h */,
				5568ABE616B52D4300FB8F76 /* FBLoginViewController.m */,
				559CA17916B349810008E7F3 /* MainViewController.h */,
				559CA17A16B349810008E7F3 /* MainViewController.m */,
				5568AC0416B5417A00FB8F76 /* YTDetailViewController.h */,
				5568AC0516B5417A00FB8F76 /* YTDetailViewController.m */,
				5568ACE916B6854100FB8F76 /* ComposeViewController.h */,
				5568ACEA16B6854200FB8F76 /* ComposeViewController.m */,
				5568ACEB16B6854200FB8F76 /* ComposeViewController.xib */,
				5568AC0616B5417A00FB8F76 /* YTDetailViewController.xib */,
				559CA17C16B349810008E7F3 /* FlipsideViewController.h */,
				559CA17D16B349810008E7F3 /* FlipsideViewController.m */,
				559CA17F16B349810008E7F3 /* MainViewController.xib */,
				559CA18216B349820008E7F3 /* FlipsideViewController.xib */,
				559CA16816B349810008E7F3 /* Supporting Files */,
			);
			path = "The Search for BEER";
			sourceTree = "<group>";
		};
		559CA16816B349810008E7F3 /* Supporting Files */ = {
			isa = PBXGroup;
			children = (
				559A961516B4C1970077150C /* fonts */,
				559A961416B4C1870077150C /* images */,
				559CA16916B349810008E7F3 /* The Search for BEER-Info.plist */,
				559CA16A16B349810008E7F3 /* InfoPlist.strings */,
				559CA16D16B349810008E7F3 /* main.m */,
				559CA16F16B349810008E7F3 /* The Search for BEER-Prefix.pch */,
				559CA17316B349810008E7F3 /* Default.png */,
				559CA17516B349810008E7F3 /* Default@2x.png */,
				559CA17716B349810008E7F3 /* Default-568h@2x.png */,
			);
			name = "Supporting Files";
			sourceTree = "<group>";
		};
		559CA19116B349820008E7F3 /* The Search for BEERTests */ = {
			isa = PBXGroup;
			children = (
				559CA19716B349820008E7F3 /* The_Search_for_BEERTests.h */,
				559CA19816B349820008E7F3 /* The_Search_for_BEERTests.m */,
				559CA19216B349820008E7F3 /* Supporting Files */,
			);
			path = "The Search for BEERTests";
			sourceTree = "<group>";
		};
		559CA19216B349820008E7F3 /* Supporting Files */ = {
			isa = PBXGroup;
			children = (
				559CA19316B349820008E7F3 /* The Search for BEERTests-Info.plist */,
				559CA19416B349820008E7F3 /* InfoPlist.strings */,
			);
			name = "Supporting Files";
			sourceTree = "<group>";
		};
/* End PBXGroup section */

/* Begin PBXNativeTarget section */
		559CA15C16B349810008E7F3 /* The Search for BEER */ = {
			isa = PBXNativeTarget;
			buildConfigurationList = 559CA19C16B349820008E7F3 /* Build configuration list for PBXNativeTarget "The Search for BEER" */;
			buildPhases = (
				559CA15916B349810008E7F3 /* Sources */,
				559CA15A16B349810008E7F3 /* Frameworks */,
				559CA15B16B349810008E7F3 /* Resources */,
			);
			buildRules = (
			);
			dependencies = (
			);
			name = "The Search for BEER";
			productName = "The Search for BEER";
			productReference = 559CA15D16B349810008E7F3 /* The Search for BEER.app */;
			productType = "com.apple.product-type.application";
		};
		559CA18916B349820008E7F3 /* The Search for BEERTests */ = {
			isa = PBXNativeTarget;
			buildConfigurationList = 559CA19F16B349820008E7F3 /* Build configuration list for PBXNativeTarget "The Search for BEERTests" */;
			buildPhases = (
				559CA18516B349820008E7F3 /* Sources */,
				559CA18616B349820008E7F3 /* Frameworks */,
				559CA18716B349820008E7F3 /* Resources */,
				559CA18816B349820008E7F3 /* ShellScript */,
			);
			buildRules = (
			);
			dependencies = (
				559CA19016B349820008E7F3 /* PBXTargetDependency */,
			);
			name = "The Search for BEERTests";
			productName = "The Search for BEERTests";
			productReference = 559CA18A16B349820008E7F3 /* The Search for BEERTests.octest */;
			productType = "com.apple.product-type.bundle";
		};
/* End PBXNativeTarget section */

/* Begin PBXProject section */
		559CA15416B349810008E7F3 /* Project object */ = {
			isa = PBXProject;
			attributes = {
				LastUpgradeCheck = 0450;
				ORGANIZATIONNAME = "Grunt Software";
			};
			buildConfigurationList = 559CA15716B349810008E7F3 /* Build configuration list for PBXProject "The Search for BEER" */;
			compatibilityVersion = "Xcode 3.2";
			developmentRegion = English;
			hasScannedForEncodings = 0;
			knownRegions = (
				en,
			);
			mainGroup = 559CA15216B349810008E7F3;
			productRefGroup = 559CA15E16B349810008E7F3 /* Products */;
			projectDirPath = "";
			projectRoot = "";
			targets = (
				559CA15C16B349810008E7F3 /* The Search for BEER */,
				559CA18916B349820008E7F3 /* The Search for BEERTests */,
			);
		};
/* End PBXProject section */

/* Begin PBXResourcesBuildPhase section */
		559CA15B16B349810008E7F3 /* Resources */ = {
			isa = PBXResourcesBuildPhase;
			buildActionMask = 2147483647;
			files = (
				559CA16C16B349810008E7F3 /* InfoPlist.strings in Resources */,
				559CA17416B349810008E7F3 /* Default.png in Resources */,
				559CA17616B349810008E7F3 /* Default@2x.png in Resources */,
				559CA17816B349810008E7F3 /* Default-568h@2x.png in Resources */,
				559CA18116B349810008E7F3 /* MainViewController.xib in Resources */,
				559CA18416B349820008E7F3 /* FlipsideViewController.xib in Resources */,
				559A961716B4C1B80077150C /* HandOfSean.pfb in Resources */,
				558375D216B4CF9500F9C76A /* gruntsoftwarelogo.png in Resources */,
				558375D616B4D8FC00F9C76A /* grunt_G.png in Resources */,
				558375EA16B5257B00F9C76A /* FacebookSDKResources.bundle in Resources */,
				558375EC16B5257B00F9C76A /* FBUserSettingsViewResources.bundle in Resources */,
				5568ABF016B534DA00FB8F76 /* gruntloadscreen640x960.png in Resources */,
				5568ABF316B5364000FB8F76 /* f_logo.png in Resources */,
				5568ABF816B53E2500FB8F76 /* login-button-small.png in Resources */,
				5568ABFB16B53ED800FB8F76 /* login-button-small-pressed.png in Resources */,
				5568AC0916B5417A00FB8F76 /* YTDetailViewController.xib in Resources */,
				5568AC5A16B5B0B700FB8F76 /* gruntloadscreen2320x480.png in Resources */,
				5568AC5D16B5B2E100FB8F76 /* launch320x480.png in Resources */,
				5568AC6016B5B35200FB8F76 /* launch320x4802.png in Resources */,
				5568ACE716B6814800FB8F76 /* Bugslist in Resources */,
				5568ACEE16B6854300FB8F76 /* ComposeViewController.xib in Resources */,
				558FAA8A16B7AA3D00553A96 /* notesbackground280x130.png in Resources */,
			);
			runOnlyForDeploymentPostprocessing = 0;
		};
		559CA18716B349820008E7F3 /* Resources */ = {
			isa = PBXResourcesBuildPhase;
			buildActionMask = 2147483647;
			files = (
				559CA19616B349820008E7F3 /* InfoPlist.strings in Resources */,
				559A961816B4C1B80077150C /* HandOfSean.pfb in Resources */,
				558375D316B4CF9500F9C76A /* gruntsoftwarelogo.png in Resources */,
				558375D716B4D8FC00F9C76A /* grunt_G.png in Resources */,
				558375EB16B5257B00F9C76A /* FacebookSDKResources.bundle in Resources */,
				558375ED16B5257B00F9C76A /* FBUserSettingsViewResources.bundle in Resources */,
				5568ABF116B534DA00FB8F76 /* gruntloadscreen640x960.png in Resources */,
				5568ABF416B5364000FB8F76 /* f_logo.png in Resources */,
				5568ABF916B53E2500FB8F76 /* login-button-small.png in Resources */,
				5568ABFC16B53ED800FB8F76 /* login-button-small-pressed.png in Resources */,
				5568AC0A16B5417A00FB8F76 /* YTDetailViewController.xib in Resources */,
				5568AC5B16B5B0B700FB8F76 /* gruntloadscreen2320x480.png in Resources */,
				5568AC5E16B5B2E100FB8F76 /* launch320x480.png in Resources */,
				5568AC6116B5B35200FB8F76 /* launch320x4802.png in Resources */,
				5568ACE816B6814800FB8F76 /* Bugslist in Resources */,
				5568ACEF16B6854300FB8F76 /* ComposeViewController.xib in Resources */,
			);
			runOnlyForDeploymentPostprocessing = 0;
		};
/* End PBXResourcesBuildPhase section */

/* Begin PBXShellScriptBuildPhase section */
		559CA18816B349820008E7F3 /* ShellScript */ = {
			isa = PBXShellScriptBuildPhase;
			buildActionMask = 2147483647;
			files = (
			);
			inputPaths = (
			);
			outputPaths = (
			);
			runOnlyForDeploymentPostprocessing = 0;
			shellPath = /bin/sh;
			shellScript = "# Run the unit tests in this test bundle.\n\"${SYSTEM_DEVELOPER_DIR}/Tools/RunUnitTests\"\n";
		};
/* End PBXShellScriptBuildPhase section */

/* Begin PBXSourcesBuildPhase section */
		559CA15916B349810008E7F3 /* Sources */ = {
			isa = PBXSourcesBuildPhase;
			buildActionMask = 2147483647;
			files = (
				559CA16E16B349810008E7F3 /* main.m in Sources */,
				559CA17216B349810008E7F3 /* AppDelegate.m in Sources */,
				559CA17B16B349810008E7F3 /* MainViewController.m in Sources */,
				559CA17E16B349810008E7F3 /* FlipsideViewController.m in Sources */,
				559A95E416B3BBD80077150C /* YTProcessing.m in Sources */,
				559A95EB16B43E860077150C /* YTVideo.m in Sources */,
				559A95F616B48E5A0077150C /* FTWCache.m in Sources */,
				559A95FE16B48F800077150C /* NSString+MD5.m in Sources */,
				5568ABE716B52D4300FB8F76 /* FBLoginViewController.m in Sources */,
				5568AC0716B5417A00FB8F76 /* YTDetailViewController.m in Sources */,
				5568ACC516B6595F00FB8F76 /* YTCommentsRSSParser.m in Sources */,
				5568ACC716B6595F00FB8F76 /* CommentsXMLParser.m in Sources */,
				5568ACDC16B65D1000FB8F76 /* Comments.m in Sources */,
				5568ACEC16B6854300FB8F76 /* ComposeViewController.m in Sources */,
			);
			runOnlyForDeploymentPostprocessing = 0;
		};
		559CA18516B349820008E7F3 /* Sources */ = {
			isa = PBXSourcesBuildPhase;
			buildActionMask = 2147483647;
			files = (
				559CA19916B349820008E7F3 /* The_Search_for_BEERTests.m in Sources */,
				559A95F716B48E5A0077150C /* FTWCache.m in Sources */,
				559A95FF16B48F800077150C /* NSString+MD5.m in Sources */,
				5568ABE816B52D4300FB8F76 /* FBLoginViewController.m in Sources */,
				5568AC0816B5417A00FB8F76 /* YTDetailViewController.m in Sources */,
				5568ACC616B6595F00FB8F76 /* YTCommentsRSSParser.m in Sources */,
				5568ACC816B6595F00FB8F76 /* CommentsXMLParser.m in Sources */,
				5568ACDD16B65D1000FB8F76 /* Comments.m in Sources */,
				5568ACED16B6854300FB8F76 /* ComposeViewController.m in Sources */,
			);
			runOnlyForDeploymentPostprocessing = 0;
		};
/* End PBXSourcesBuildPhase section */

/* Begin PBXTargetDependency section */
		559CA19016B349820008E7F3 /* PBXTargetDependency */ = {
			isa = PBXTargetDependency;
			target = 559CA15C16B349810008E7F3 /* The Search for BEER */;
			targetProxy = 559CA18F16B349820008E7F3 /* PBXContainerItemProxy */;
		};
/* End PBXTargetDependency section */

/* Begin PBXVariantGroup section */
		559CA16A16B349810008E7F3 /* InfoPlist.strings */ = {
			isa = PBXVariantGroup;
			children = (
				559CA16B16B349810008E7F3 /* en */,
			);
			name = InfoPlist.strings;
			sourceTree = "<group>";
		};
		559CA17F16B349810008E7F3 /* MainViewController.xib */ = {
			isa = PBXVariantGroup;
			children = (
				559CA18016B349810008E7F3 /* en */,
			);
			name = MainViewController.xib;
			sourceTree = "<group>";
		};
		559CA18216B349820008E7F3 /* FlipsideViewController.xib */ = {
			isa = PBXVariantGroup;
			children = (
				559CA18316B349820008E7F3 /* en */,
			);
			name = FlipsideViewController.xib;
			sourceTree = "<group>";
		};
		559CA19416B349820008E7F3 /* InfoPlist.strings */ = {
			isa = PBXVariantGroup;
			children = (
				559CA19516B349820008E7F3 /* en */,
			);
			name = InfoPlist.strings;
			sourceTree = "<group>";
		};
/* End PBXVariantGroup section */

/* Begin XCBuildConfiguration section */
		559CA19A16B349820008E7F3 /* Debug */ = {
			isa = XCBuildConfiguration;
			buildSettings = {
				ALWAYS_SEARCH_USER_PATHS = YES;
				CLANG_CXX_LANGUAGE_STANDARD = "gnu++0x";
				CLANG_CXX_LIBRARY = "libc++";
				CLANG_ENABLE_OBJC_ARC = YES;
				CLANG_WARN_EMPTY_BODY = YES;
				CLANG_WARN__DUPLICATE_METHOD_MATCH = YES;
				"CODE_SIGN_IDENTITY[sdk=iphoneos*]" = "iPhone Developer";
				COPY_PHASE_STRIP = NO;
				GCC_C_LANGUAGE_STANDARD = gnu99;
				GCC_DYNAMIC_NO_PIC = NO;
				GCC_OPTIMIZATION_LEVEL = 0;
				GCC_PREPROCESSOR_DEFINITIONS = (
					"DEBUG=1",
					"$(inherited)",
				);
				GCC_SYMBOLS_PRIVATE_EXTERN = NO;
				GCC_WARN_ABOUT_RETURN_TYPE = YES;
				GCC_WARN_UNINITIALIZED_AUTOS = YES;
				GCC_WARN_UNUSED_VARIABLE = YES;
				IPHONEOS_DEPLOYMENT_TARGET = 6.0;
				ONLY_ACTIVE_ARCH = YES;
				SDKROOT = iphoneos;
			};
			name = Debug;
		};
		559CA19B16B349820008E7F3 /* Release */ = {
			isa = XCBuildConfiguration;
			buildSettings = {
				ALWAYS_SEARCH_USER_PATHS = YES;
				CLANG_CXX_LANGUAGE_STANDARD = "gnu++0x";
				CLANG_CXX_LIBRARY = "libc++";
				CLANG_ENABLE_OBJC_ARC = YES;
				CLANG_WARN_EMPTY_BODY = YES;
				CLANG_WARN__DUPLICATE_METHOD_MATCH = YES;
				"CODE_SIGN_IDENTITY[sdk=iphoneos*]" = "iPhone Developer";
				COPY_PHASE_STRIP = YES;
				GCC_C_LANGUAGE_STANDARD = gnu99;
				GCC_WARN_ABOUT_RETURN_TYPE = YES;
				GCC_WARN_UNINITIALIZED_AUTOS = YES;
				GCC_WARN_UNUSED_VARIABLE = YES;
				IPHONEOS_DEPLOYMENT_TARGET = 6.0;
				OTHER_CFLAGS = "-DNS_BLOCK_ASSERTIONS=1";
				SDKROOT = iphoneos;
				VALIDATE_PRODUCT = YES;
			};
			name = Release;
		};
		559CA19D16B349820008E7F3 /* Debug */ = {
			isa = XCBuildConfiguration;
			buildSettings = {
				FRAMEWORK_SEARCH_PATHS = "\"$(SRCROOT)\"/FacebookSDK";
				GCC_PRECOMPILE_PREFIX_HEADER = YES;
				GCC_PREFIX_HEADER = "The Search for BEER/The Search for BEER-Prefix.pch";
				INFOPLIST_FILE = "The Search for BEER/The Search for BEER-Info.plist";
				LIBRARY_SEARCH_PATHS = (
					"\"/Users/gruntsoftware/Desktop/Bartab Supporting Files/The Search for BEER\"",
				);
				OTHER_LDFLAGS = "-lsqlite3.0";
				PRODUCT_NAME = "$(TARGET_NAME)";
				WRAPPER_EXTENSION = app;
			};
			name = Debug;
		};
		559CA19E16B349820008E7F3 /* Release */ = {
			isa = XCBuildConfiguration;
			buildSettings = {
				FRAMEWORK_SEARCH_PATHS = "\"$(SRCROOT)\"/FacebookSDK";
				GCC_PRECOMPILE_PREFIX_HEADER = YES;
				GCC_PREFIX_HEADER = "The Search for BEER/The Search for BEER-Prefix.pch";
				INFOPLIST_FILE = "The Search for BEER/The Search for BEER-Info.plist";
				LIBRARY_SEARCH_PATHS = (
					"\"/Users/gruntsoftware/Desktop/Bartab Supporting Files/The Search for BEER\"",
				);
				OTHER_LDFLAGS = "-lsqlite3.0";
				PRODUCT_NAME = "$(TARGET_NAME)";
				WRAPPER_EXTENSION = app;
			};
			name = Release;
		};
		559CA1A016B349820008E7F3 /* Debug */ = {
			isa = XCBuildConfiguration;
			buildSettings = {
				BUNDLE_LOADER = "$(BUILT_PRODUCTS_DIR)/The Search for BEER.app/The Search for BEER";
				FRAMEWORK_SEARCH_PATHS = (
					"\"$(SDKROOT)/Developer/Library/Frameworks\"",
					"\"$(DEVELOPER_LIBRARY_DIR)/Frameworks\"",
					"\"$(SRCROOT)/FacebookSDK\"",
				);
				GCC_PRECOMPILE_PREFIX_HEADER = YES;
				GCC_PREFIX_HEADER = "The Search for BEER/The Search for BEER-Prefix.pch";
				INFOPLIST_FILE = "The Search for BEERTests/The Search for BEERTests-Info.plist";
				PRODUCT_NAME = "$(TARGET_NAME)";
				TEST_HOST = "$(BUNDLE_LOADER)";
				WRAPPER_EXTENSION = octest;
			};
			name = Debug;
		};
		559CA1A116B349820008E7F3 /* Release */ = {
			isa = XCBuildConfiguration;
			buildSettings = {
				BUNDLE_LOADER = "$(BUILT_PRODUCTS_DIR)/The Search for BEER.app/The Search for BEER";
				FRAMEWORK_SEARCH_PATHS = (
					"\"$(SDKROOT)/Developer/Library/Frameworks\"",
					"\"$(DEVELOPER_LIBRARY_DIR)/Frameworks\"",
					"\"$(SRCROOT)/FacebookSDK\"",
				);
				GCC_PRECOMPILE_PREFIX_HEADER = YES;
				GCC_PREFIX_HEADER = "The Search for BEER/The Search for BEER-Prefix.pch";
				INFOPLIST_FILE = "The Search for BEERTests/The Search for BEERTests-Info.plist";
				PRODUCT_NAME = "$(TARGET_NAME)";
				TEST_HOST = "$(BUNDLE_LOADER)";
				WRAPPER_EXTENSION = octest;
			};
			name = Release;
		};
/* End XCBuildConfiguration section */

/* Begin XCConfigurationList section */
		559CA15716B349810008E7F3 /* Build configuration list for PBXProject "The Search for BEER" */ = {
			isa = XCConfigurationList;
			buildConfigurations = (
				559CA19A16B349820008E7F3 /* Debug */,
				559CA19B16B349820008E7F3 /* Release */,
			);
			defaultConfigurationIsVisible = 0;
			defaultConfigurationName = Release;
		};
		559CA19C16B349820008E7F3 /* Build configuration list for PBXNativeTarget "The Search for BEER" */ = {
			isa = XCConfigurationList;
			buildConfigurations = (
				559CA19D16B349820008E7F3 /* Debug */,
				559CA19E16B349820008E7F3 /* Release */,
			);
			defaultConfigurationIsVisible = 0;
			defaultConfigurationName = Release;
		};
		559CA19F16B349820008E7F3 /* Build configuration list for PBXNativeTarget "The Search for BEERTests" */ = {
			isa = XCConfigurationList;
			buildConfigurations = (
				559CA1A016B349820008E7F3 /* Debug */,
				559CA1A116B349820008E7F3 /* Release */,
			);
			defaultConfigurationIsVisible = 0;
			defaultConfigurationName = Release;
		};
/* End XCConfigurationList section */
	};
	rootObject = 559CA15416B349810008E7F3 /* Project object */;
}
